{
    "_readme": [
        "This file locks the dependencies of your project to a known state",
        "Read more about it at https://getcomposer.org/doc/01-basic-usage.md#installing-dependencies"
    ],
    "content-hash": "a1b2c3d4e5f6g7h8i9j0k1l2m3n4o5p6",
    "packages": [
        {
            "name": "doctrine/cache",
            "version": "1.10.0",
            "source": {
                "type": "git",
                "url": "https://github.com/doctrine/cache.git",
                "reference": "382e7f4db9a12dc6c19431743a2b096041bcdd62"
            },
            "require": {
                "php": "~7.1 || ^8.0"
            },
            "type": "library"
        },
        {
            "name": "doctrine/dbal",
            "version": "2.10.0",
            "source": {
                "type": "git",
                "url": "https://github.com/doctrine/dbal.git",
                "reference": "0c9a646775ef549eb0a213a4f9bd4381d9b4d168"
            },
            "require": {
                "doctrine/cache": "^1.0",
                "doctrine/event-manager": "^1.0",
                "php": "^7.2"
            },
            "type": "library"
        },
        {
            "name": "doctrine/event-manager",
            "version": "1.1.0",
            "source": {
                "type": "git",
                "url": "https://github.com/doctrine/event-manager.git",
                "reference": "629572819973f13486371cb611386eb17851e85c"
            },
            "require": {
                "php": "^7.1 || ^8.0"
            },
            "type": "library"
        },
        {
            "name": "guzzlehttp/guzzle",
            "version": "6.5.0",
            "source": {
                "type": "git",
                "url": "https://github.com/guzzle/guzzle.git",
                "reference": "dbc2a952d4b7632bf9e6704a2b2435c0cf7d506c"
            },
            "require": {
                "guzzlehttp/promises": "^1.0",
                "guzzlehttp/psr7": "^1.6.1",
                "php": ">=5.5"
            },
            "type": "library"
        },
        {
            "name": "guzzlehttp/promises",
            "version": "1.4.0",
            "source": {
                "type": "git",
                "url": "https://github.com/guzzle/promises.git",
                "reference": "60d379c243457e073cff02bc323a2a86cb355631"
            },
            "require": {
                "php": ">=5.5"
            },
            "type": "library"
        },
        {
            "name": "guzzlehttp/psr7",
            "version": "1.7.0",
            "source": {
                "type": "git",
                "url": "https://github.com/guzzle/psr7.git",
                "reference": "53330f47520498c0ae1f61f7e2c90f55690c06a3"
            },
            "require": {
                "php": ">=5.4.0",
                "psr/http-message": "~1.0",
                "ralouphie/getallheaders": "^2.0.5 || ^3.0.0"
            },
            "type": "library"
        },
        {
            "name": "league/flysystem",
            "version": "1.0.50",
            "source": {
                "type": "git",
                "url": "https://github.com/thephpleague/flysystem.git",
                "reference": "dab4e7624efa543a943be978008f439c333f2249"
            },
            "require": {
                "league/mime-type-detection": "^1.0.0",
                "php": ">=7.0.0"
            },
            "type": "library"
        },
        {
            "name": "league/mime-type-detection",
            "version": "1.5.0",
            "source": {
                "type": "git",
                "url": "https://github.com/thephpleague/mime-type-detection.git",
                "reference": "5df2db4c46e3d513e0bcbc4cc9a9f5c2c8e6f8c5"
            },
            "require": {
                "ext-fileinfo": "*",
                "php": "^7.2 || ^8.0"
            },
            "type": "library"
        },
        {
            "name": "monolog/monolog",
            "version": "1.25.0",
            "source": {
                "type": "git",
                "url": "https://github.com/Seldaek/monolog.git",
                "reference": "fa82921994db851a8becaf5b4291039323f95a11"
            },
            "require": {
                "php": ">=5.3.0",
                "psr/log": "~1.0"
            },
            "type": "library"
        },
        {
            "name": "phpmailer/phpmailer",
            "version": "v6.0.0",
            "source": {
                "type": "git",
                "url": "https://github.com/PHPMailer/PHPMailer.git",
                "reference": "7741e27c723aa34dc4cc2f9bd6359b5e0bc6b52b"
            },
            "require": {
                "php": ">=5.5.0"
            },
            "type": "library"
        },
        {
            "name": "psr/http-message",
            "version": "1.0.1",
            "source": {
                "type": "git",
                "url": "https://github.com/php-fig/http-message.git",
                "reference": "f6561bf28d520154e4b0ec72be95418abe6d9363"
            },
            "require": {
                "php": ">=5.3.0"
            },
            "type": "library"
        },
        {
            "name": "psr/log",
            "version": "1.1.3",
            "source": {
                "type": "git",
                "url": "https://github.com/php-fig/log.git",
                "reference": "0f73288fd15629204f9d42b7055f72dacbe811fc"
            },
            "require": {
                "php": ">=5.3.0"
            },
            "type": "library"
        },
        {
            "name": "ralouphie/getallheaders",
            "version": "3.0.3",
            "source": {
                "type": "git",
                "url": "https://github.com/ralouphie/getallheaders.git",
                "reference": "120b605dfeb996808c31b6477290a714d356e822"
            },
            "require": {
                "php": ">=5.6"
            },
            "type": "library"
        },
        {
            "name": "symfony/http-foundation",
            "version": "v4.4.0",
            "source": {
                "type": "git",
                "url": "https://github.com/symfony/http-foundation.git",
                "reference": "5c335bea6ad95fae26cc2b8d60e5076d2b5fd0d4"
            },
            "require": {
                "php": "^7.1.3",
                "symfony/mime": "^4.4|^5.0",
                "symfony/polyfill-mbstring": "~1.1"
            },
            "type": "library"
        },
        {
            "name": "symfony/mime",
            "version": "v4.4.0",
            "source": {
                "type": "git",
                "url": "https://github.com/symfony/mime.git",
                "reference": "a6e9e5e50ad09f9cf52f8e4f6854a57e3a5c6573"
            },
            "require": {
                "php": "^7.1.3",
                "symfony/polyfill-intl-idn": "^1.10",
                "symfony/polyfill-mbstring": "^1.0"
            },
            "type": "library"
        },
        {
            "name": "symfony/polyfill-intl-idn",
            "version": "v1.18.0",
            "source": {
                "type": "git",
                "url": "https://github.com/symfony/polyfill-intl-idn.git",
                "reference": "bc5e7c9b202d16e53c9567ca93b95e0faf8188d9"
            },
            "require": {
                "php": ">=5.3.3",
                "symfony/polyfill-mbstring": "^1.3",
                "symfony/polyfill-php72": "^1.10"
            },
            "type": "library"
        },
        {
            "name": "symfony/polyfill-mbstring",
            "version": "v1.18.0",
            "source": {
                "type": "git",
                "url": "https://github.com/symfony/polyfill-mbstring.git",
                "reference": "a6977d63bf9a0ad4c65cd352709e230876f9904a"
            },
            "require": {
                "php": ">=5.3.3"
            },
            "type": "library"
        },
        {
            "name": "symfony/polyfill-php72",
            "version": "v1.18.0",
            "source": {
                "type": "git",
                "url": "https://github.com/symfony/polyfill-php72.git",
                "reference": "639447d008615574653a3a9262ce89f144903f59"
            },
            "require": {
                "php": ">=5.3.3"
            },
            "type": "library"
        },
        {
            "name": "twig/twig",
            "version": "v2.12.0",
            "source": {
                "type": "git",
                "url": "https://github.com/twigphp/Twig.git",
                "reference": "ca6866a3bcb3c716f8b2e24c4e9f8c8cd1f63a0e"
            },
            "require": {
                "php": ">=7.0.0",
                "symfony/polyfill-mbstring": "^1.3"
            },
            "type": "library"
        }
    ],
    "packages-dev": [],
    "aliases": [],
    "minimum-stability": "stable",
    "stability-flags": [],
    "prefer-stable": false,
    "prefer-lowest": false,
    "platform": {
        "php": ">=7.4"
    },
    "platform-dev": [],
    "plugin-api-version": "2.0.0"
}